
Microsoft Visual Studio Solution File, Format Version 12.00
# Visual Studio Version 17
VisualStudioVersion = 17.14.36414.22
MinimumVisualStudioVersion = 10.0.40219.1
Project("{FAE04EC0-301F-11D3-BF4B-00C04F79EFBC}") = "L001-introduktion", "L001-introduktion\L001-introduktion.csproj", "{18325CA5-E1F0-4DF2-AD5D-C3DB22AACA57}"
EndProject
Project("{FAE04EC0-301F-11D3-BF4B-00C04F79EFBC}") = "L002_Variabler", "L002_Variabler\L002_Variabler.csproj", "{E542F86B-5EA6-4D21-94D1-30650A33A8FB}"
EndProject
Project("{FAE04EC0-301F-11D3-BF4B-00C04F79EFBC}") = "L003_Operatorer", "L003_Operatorer\L003_Operatorer.csproj", "{42B54263-7A1D-43EC-9A50-5A482E722E71}"
EndProject
Project("{FAE04EC0-301F-11D3-BF4B-00C04F79EFBC}") = "L004_It-satser", "L004_It-satser\L004_It-satser.csproj", "{45106D05-B8E4-48C1-8463-814EDF107F96}"
EndProject
Project("{FAE04EC0-301F-11D3-BF4B-00C04F79EFBC}") = "L005_Loopar", "L005_Loopar\L005_Loopar.csproj", "{9F240944-D145-4692-B209-5D26549D83D0}"
EndProject
Project("{FAE04EC0-301F-11D3-BF4B-00C04F79EFBC}") = "Ovn001_Variabler", "Ovn001_Variabler\Ovn001_Variabler.csproj", "{92554940-41D5-4505-922D-8BD28F79554C}"
EndProject
Project("{FAE04EC0-301F-11D3-BF4B-00C04F79EFBC}") = "Ovn002_Loopar", "Ovn002_Loopar\Ovn002_Loopar.csproj", "{CD8A4130-4768-4FED-B173-098339C5137F}"
EndProject
Project("{FAE04EC0-301F-11D3-BF4B-00C04F79EFBC}") = "L006_Array", "L006_Array\L006_Array.csproj", "{685D34DE-72EF-4AA3-A3AD-F38765302698}"
EndProject
Project("{FAE04EC0-301F-11D3-BF4B-00C04F79EFBC}") = "L007_Strängar", "L007_Strängar\L007_Strängar.csproj", "{A2F671A6-B4F7-4BFC-86D9-E705ACCA9C1C}"
EndProject
Project("{FAE04EC0-301F-11D3-BF4B-00C04F79EFBC}") = "Ovn003_Indexering", "Ovn003_Indexering\Ovn003_Indexering.csproj", "{9F1D9EC2-5497-4621-B828-F410D2C0BD18}"
EndProject
Project("{FAE04EC0-301F-11D3-BF4B-00C04F79EFBC}") = "L008_Funktioner", "L008_Funktioner\L008_Funktioner.csproj", "{9A5E1F4B-46D1-47A5-A1DB-98C874FF021C}"
EndProject
Project("{FAE04EC0-301F-11D3-BF4B-00C04F79EFBC}") = "Ovn004_Funktioner", "Ovn004_Funktioner\Ovn004_Funktioner.csproj", "{7D0E8125-DFEA-4EC6-A335-86B6018113CD}"
EndProject
Project("{FAE04EC0-301F-11D3-BF4B-00C04F79EFBC}") = "Ovn005_InförLabb1", "Ovn005_InförLabb1\Ovn005_InförLabb1.csproj", "{AF3FF98D-C2C7-41A5-9D4B-DE3721DDDA14}"
EndProject
Project("{FAE04EC0-301F-11D3-BF4B-00C04F79EFBC}") = "L011_ Exception_handling", "L011_ Exception_handling\L011_ Exception_handling.csproj", "{C1E9A12F-A9D8-42CB-8C18-C16436860E2D}"
EndProject
Project("{FAE04EC0-301F-11D3-BF4B-00C04F79EFBC}") = "L013_Path_and_Directory", "L013_Path_and_Directory\L013_Path_and_Directory.csproj", "{2635FB22-344C-47BF-B106-3C0017B6296C}"
EndProject
Project("{FAE04EC0-301F-11D3-BF4B-00C04F79EFBC}") = "L014_StreamReader_&_StreamWriter", "L014_StreamReader_&_StreamWriter\L014_StreamReader_&_StreamWriter.csproj", "{EEC44822-A6D9-4E61-ABF1-C66B70B9A52D}"
EndProject
Project("{FAE04EC0-301F-11D3-BF4B-00C04F79EFBC}") = "L015_FileStream", "L015_FileStream\L015_FileStream.csproj", "{DC6AE8C8-3B71-4CEE-AB9F-77F41EA115AB}"
EndProject
Project("{FAE04EC0-301F-11D3-BF4B-00C04F79EFBC}") = "L016_OOP_Intro", "L016_OOP_Intro\L016_OOP_Intro.csproj", "{C724C079-DC1A-47E4-928A-ACA73C2BDD82}"
EndProject
Project("{FAE04EC0-301F-11D3-BF4B-00C04F79EFBC}") = "L017_Main_method_entry_point", "L017_Main_method_entry_point\L017_Main_method_entry_point.csproj", "{8A2BD7FF-D55B-4E17-8BF9-4500620EDFBC}"
EndProject
Project("{FAE04EC0-301F-11D3-BF4B-00C04F79EFBC}") = "Ovn006_OOP_Basics", "Ovn006_OOP_Basics\Ovn006_OOP_Basics.csproj", "{A679A464-D441-40C0-941D-5FE709685F43}"
EndProject
Project("{FAE04EC0-301F-11D3-BF4B-00C04F79EFBC}") = "L018_Namespaces", "L018_Namespaces\L018_Namespaces.csproj", "{851FC385-C08C-4F18-B921-A65FFE22DBAC}"
EndProject
Project("{FAE04EC0-301F-11D3-BF4B-00C04F79EFBC}") = "L019_Konstruktor", "L019_Konstruktor\L019_Konstruktor.csproj", "{19FD0099-AAFD-4669-AFB3-3A4381688F19}"
EndProject
Project("{FAE04EC0-301F-11D3-BF4B-00C04F79EFBC}") = "L020_Properties", "L020_Properties\L020_Properties.csproj", "{79D66351-E849-4719-9F79-C2E3AC020F6E}"
EndProject
Project("{FAE04EC0-301F-11D3-BF4B-00C04F79EFBC}") = "Ovn007_Properties", "Ovn007_Properties\Ovn007_Properties.csproj", "{53203F69-A101-4ABF-A058-E218573E2ECE}"
EndProject
Project("{FAE04EC0-301F-11D3-BF4B-00C04F79EFBC}") = "L021_Pass_by_value_vs_Pass_by_reference", "L021_Pass_by_value_vs_Pass_by_reference\L021_Pass_by_value_vs_Pass_by_reference.csproj", "{FEA28E1D-B0AC-4C91-B1DB-F76243EEF847}"
EndProject
Project("{FAE04EC0-301F-11D3-BF4B-00C04F79EFBC}") = "L022_Struct_&_Enum", "L022_Struct_&_Enum\L022_Struct_&_Enum.csproj", "{754B3B5D-9ABA-4359-BB9C-F7BD497D4AE7}"
EndProject
Project("{FAE04EC0-301F-11D3-BF4B-00C04F79EFBC}") = "L023_Arv", "L023_Arv\L023_Arv.csproj", "{117C1EA3-816D-4D73-B6FF-421B7801194A}"
EndProject
Project("{FAE04EC0-301F-11D3-BF4B-00C04F79EFBC}") = "Ovn008_Arv", "Ovn008_Arv\Ovn008_Arv.csproj", "{D29C38EC-FF9E-4C5A-9F7F-498E566C2995}"
EndProject
Project("{FAE04EC0-301F-11D3-BF4B-00C04F79EFBC}") = "L026_Generics", "L026_Generics\L026_Generics.csproj", "{62C4849A-718A-47C1-9B0E-A5D1816481F4}"
EndProject
Project("{FAE04EC0-301F-11D3-BF4B-00C04F79EFBC}") = "L027_List", "L027_List\L027_List.csproj", "{EE4BADCD-DBA2-423B-A7BC-22E0F8299351}"
EndProject
Project("{FAE04EC0-301F-11D3-BF4B-00C04F79EFBC}") = "L028_Dictionary", "L028_Dictionary\L028_Dictionary.csproj", "{07BCED30-D737-4117-8C84-E8310A28B107}"
EndProject
Project("{FAE04EC0-301F-11D3-BF4B-00C04F79EFBC}") = "L029_Delegates", "L029_Delegates\L029_Delegates.csproj", "{181252E4-AB86-4CB3-982E-A6BF4E020B85}"
EndProject
Project("{FAE04EC0-301F-11D3-BF4B-00C04F79EFBC}") = "L030_Extension_methods", "L030_Extension_methods\L030_Extension_methods.csproj", "{7F8A19BE-A85C-41E7-9A53-EB349AE04E30}"
EndProject
Project("{FAE04EC0-301F-11D3-BF4B-00C04F79EFBC}") = "L031_Library", "L031_Library\L031_Library.csproj", "{863AA473-2AA5-4FCC-803D-9ABB27159DE9}"
EndProject
Project("{FAE04EC0-301F-11D3-BF4B-00C04F79EFBC}") = "L032_Events", "L032_Events\L032_Events.csproj", "{AEB5584E-EBD7-4C42-B4DD-5BE228785DF3}"
EndProject
Project("{FAE04EC0-301F-11D3-BF4B-00C04F79EFBC}") = "L033_Lambda_expressions", "L033_Lambda_expressions\L033_Lambda_expressions.csproj", "{3279BDA9-F30B-4E7B-A0D0-02785E694A1C}"
EndProject
Project("{FAE04EC0-301F-11D3-BF4B-00C04F79EFBC}") = "L034_Anonymous_types", "L034_Anonymous_types\L034_Anonymous_types.csproj", "{AF614C1F-8DED-4900-85D3-6B9E92CBF965}"
EndProject
Project("{FAE04EC0-301F-11D3-BF4B-00C04F79EFBC}") = "L035_Interface", "L035_Interface\L035_Interface.csproj", "{31DBF907-A49E-4661-9DA3-073C66BA1C88}"
EndProject
Project("{FAE04EC0-301F-11D3-BF4B-00C04F79EFBC}") = "Ovn009_Delegat", "Ovn009_Delegat\Ovn009_Delegat.csproj", "{2ABA186F-31FC-4811-8A1E-603A8237E947}"
EndProject
Project("{FAE04EC0-301F-11D3-BF4B-00C04F79EFBC}") = "L036_LINQ", "L036_LINQ\L036_LINQ.csproj", "{DAA46643-54D4-402F-A151-47448FE673F0}"
EndProject
Project("{FAE04EC0-301F-11D3-BF4B-00C04F79EFBC}") = "L037_Yield_return", "L037_Yield_return\L037_Yield_return.csproj", "{E828F480-49C3-4E6C-AE6A-761D2799F05A}"
EndProject
Project("{FAE04EC0-301F-11D3-BF4B-00C04F79EFBC}") = "Ovn010_LINQ", "Ovn010_LINQ\Ovn010_LINQ.csproj", "{5CFCD8F0-9C97-4815-906A-CC90C59F3DF9}"
EndProject
Project("{FAE04EC0-301F-11D3-BF4B-00C04F79EFBC}") = "L038_PLINQ", "L038_PLINQ\L038_PLINQ.csproj", "{51CC48BE-6325-4A14-B827-4E1914EF0BEF}"
EndProject
Project("{FAE04EC0-301F-11D3-BF4B-00C04F79EFBC}") = "L039_Tasks", "L039_Tasks\L039_Tasks.csproj", "{DCCB97A2-AF84-46B8-B9BE-1623DEE8A85E}"
EndProject
Project("{FAE04EC0-301F-11D3-BF4B-00C04F79EFBC}") = "L040_Async_Await", "L040_Async_Await\L040_Async_Await.csproj", "{63942B18-E675-414B-A557-201163674787}"
EndProject
Project("{FAE04EC0-301F-11D3-BF4B-00C04F79EFBC}") = "L041_Race_conditions", "L041_Race_conditions\L041_Race_conditions.csproj", "{5AB03D65-BD0A-4917-AD4D-44DD7F9ECC17}"
EndProject
Project("{FAE04EC0-301F-11D3-BF4B-00C04F79EFBC}") = "L042_WPF_Intro", "L042_WPF_Intro\L042_WPF_Intro.csproj", "{8A1DADF4-0391-4DFA-805F-990D97B76DBC}"
EndProject
Project("{FAE04EC0-301F-11D3-BF4B-00C04F79EFBC}") = "Ovn011_XAML", "Ovn011_XAML\Ovn011_XAML.csproj", "{18FBAB84-79DC-4A02-99B6-F92AF0C8B847}"
EndProject
Project("{FAE04EC0-301F-11D3-BF4B-00C04F79EFBC}") = "L043_Panelss", "L043_Panelss\L043_Panelss.csproj", "{7B3C4C4C-3ADD-4E63-B14A-2BF05480B1CC}"
EndProject
Global
	GlobalSection(SolutionConfigurationPlatforms) = preSolution
		Debug|Any CPU = Debug|Any CPU
		Release|Any CPU = Release|Any CPU
	EndGlobalSection
	GlobalSection(ProjectConfigurationPlatforms) = postSolution
		{18325CA5-E1F0-4DF2-AD5D-C3DB22AACA57}.Debug|Any CPU.ActiveCfg = Debug|Any CPU
		{18325CA5-E1F0-4DF2-AD5D-C3DB22AACA57}.Debug|Any CPU.Build.0 = Debug|Any CPU
		{18325CA5-E1F0-4DF2-AD5D-C3DB22AACA57}.Release|Any CPU.ActiveCfg = Release|Any CPU
		{18325CA5-E1F0-4DF2-AD5D-C3DB22AACA57}.Release|Any CPU.Build.0 = Release|Any CPU
		{E542F86B-5EA6-4D21-94D1-30650A33A8FB}.Debug|Any CPU.ActiveCfg = Debug|Any CPU
		{E542F86B-5EA6-4D21-94D1-30650A33A8FB}.Debug|Any CPU.Build.0 = Debug|Any CPU
		{E542F86B-5EA6-4D21-94D1-30650A33A8FB}.Release|Any CPU.ActiveCfg = Release|Any CPU
		{E542F86B-5EA6-4D21-94D1-30650A33A8FB}.Release|Any CPU.Build.0 = Release|Any CPU
		{42B54263-7A1D-43EC-9A50-5A482E722E71}.Debug|Any CPU.ActiveCfg = Debug|Any CPU
		{42B54263-7A1D-43EC-9A50-5A482E722E71}.Debug|Any CPU.Build.0 = Debug|Any CPU
		{42B54263-7A1D-43EC-9A50-5A482E722E71}.Release|Any CPU.ActiveCfg = Release|Any CPU
		{42B54263-7A1D-43EC-9A50-5A482E722E71}.Release|Any CPU.Build.0 = Release|Any CPU
		{45106D05-B8E4-48C1-8463-814EDF107F96}.Debug|Any CPU.ActiveCfg = Debug|Any CPU
		{45106D05-B8E4-48C1-8463-814EDF107F96}.Debug|Any CPU.Build.0 = Debug|Any CPU
		{45106D05-B8E4-48C1-8463-814EDF107F96}.Release|Any CPU.ActiveCfg = Release|Any CPU
		{45106D05-B8E4-48C1-8463-814EDF107F96}.Release|Any CPU.Build.0 = Release|Any CPU
		{9F240944-D145-4692-B209-5D26549D83D0}.Debug|Any CPU.ActiveCfg = Debug|Any CPU
		{9F240944-D145-4692-B209-5D26549D83D0}.Debug|Any CPU.Build.0 = Debug|Any CPU
		{9F240944-D145-4692-B209-5D26549D83D0}.Release|Any CPU.ActiveCfg = Release|Any CPU
		{9F240944-D145-4692-B209-5D26549D83D0}.Release|Any CPU.Build.0 = Release|Any CPU
		{92554940-41D5-4505-922D-8BD28F79554C}.Debug|Any CPU.ActiveCfg = Debug|Any CPU
		{92554940-41D5-4505-922D-8BD28F79554C}.Debug|Any CPU.Build.0 = Debug|Any CPU
		{92554940-41D5-4505-922D-8BD28F79554C}.Release|Any CPU.ActiveCfg = Release|Any CPU
		{92554940-41D5-4505-922D-8BD28F79554C}.Release|Any CPU.Build.0 = Release|Any CPU
		{CD8A4130-4768-4FED-B173-098339C5137F}.Debug|Any CPU.ActiveCfg = Debug|Any CPU
		{CD8A4130-4768-4FED-B173-098339C5137F}.Debug|Any CPU.Build.0 = Debug|Any CPU
		{CD8A4130-4768-4FED-B173-098339C5137F}.Release|Any CPU.ActiveCfg = Release|Any CPU
		{CD8A4130-4768-4FED-B173-098339C5137F}.Release|Any CPU.Build.0 = Release|Any CPU
		{685D34DE-72EF-4AA3-A3AD-F38765302698}.Debug|Any CPU.ActiveCfg = Debug|Any CPU
		{685D34DE-72EF-4AA3-A3AD-F38765302698}.Debug|Any CPU.Build.0 = Debug|Any CPU
		{685D34DE-72EF-4AA3-A3AD-F38765302698}.Release|Any CPU.ActiveCfg = Release|Any CPU
		{685D34DE-72EF-4AA3-A3AD-F38765302698}.Release|Any CPU.Build.0 = Release|Any CPU
		{A2F671A6-B4F7-4BFC-86D9-E705ACCA9C1C}.Debug|Any CPU.ActiveCfg = Debug|Any CPU
		{A2F671A6-B4F7-4BFC-86D9-E705ACCA9C1C}.Debug|Any CPU.Build.0 = Debug|Any CPU
		{A2F671A6-B4F7-4BFC-86D9-E705ACCA9C1C}.Release|Any CPU.ActiveCfg = Release|Any CPU
		{A2F671A6-B4F7-4BFC-86D9-E705ACCA9C1C}.Release|Any CPU.Build.0 = Release|Any CPU
		{9F1D9EC2-5497-4621-B828-F410D2C0BD18}.Debug|Any CPU.ActiveCfg = Debug|Any CPU
		{9F1D9EC2-5497-4621-B828-F410D2C0BD18}.Debug|Any CPU.Build.0 = Debug|Any CPU
		{9F1D9EC2-5497-4621-B828-F410D2C0BD18}.Release|Any CPU.ActiveCfg = Release|Any CPU
		{9F1D9EC2-5497-4621-B828-F410D2C0BD18}.Release|Any CPU.Build.0 = Release|Any CPU
		{9A5E1F4B-46D1-47A5-A1DB-98C874FF021C}.Debug|Any CPU.ActiveCfg = Debug|Any CPU
		{9A5E1F4B-46D1-47A5-A1DB-98C874FF021C}.Debug|Any CPU.Build.0 = Debug|Any CPU
		{9A5E1F4B-46D1-47A5-A1DB-98C874FF021C}.Release|Any CPU.ActiveCfg = Release|Any CPU
		{9A5E1F4B-46D1-47A5-A1DB-98C874FF021C}.Release|Any CPU.Build.0 = Release|Any CPU
		{7D0E8125-DFEA-4EC6-A335-86B6018113CD}.Debug|Any CPU.ActiveCfg = Debug|Any CPU
		{7D0E8125-DFEA-4EC6-A335-86B6018113CD}.Debug|Any CPU.Build.0 = Debug|Any CPU
		{7D0E8125-DFEA-4EC6-A335-86B6018113CD}.Release|Any CPU.ActiveCfg = Release|Any CPU
		{7D0E8125-DFEA-4EC6-A335-86B6018113CD}.Release|Any CPU.Build.0 = Release|Any CPU
		{AF3FF98D-C2C7-41A5-9D4B-DE3721DDDA14}.Debug|Any CPU.ActiveCfg = Debug|Any CPU
		{AF3FF98D-C2C7-41A5-9D4B-DE3721DDDA14}.Debug|Any CPU.Build.0 = Debug|Any CPU
		{AF3FF98D-C2C7-41A5-9D4B-DE3721DDDA14}.Release|Any CPU.ActiveCfg = Release|Any CPU
		{AF3FF98D-C2C7-41A5-9D4B-DE3721DDDA14}.Release|Any CPU.Build.0 = Release|Any CPU
		{C1E9A12F-A9D8-42CB-8C18-C16436860E2D}.Debug|Any CPU.ActiveCfg = Debug|Any CPU
		{C1E9A12F-A9D8-42CB-8C18-C16436860E2D}.Debug|Any CPU.Build.0 = Debug|Any CPU
		{C1E9A12F-A9D8-42CB-8C18-C16436860E2D}.Release|Any CPU.ActiveCfg = Release|Any CPU
		{C1E9A12F-A9D8-42CB-8C18-C16436860E2D}.Release|Any CPU.Build.0 = Release|Any CPU
		{2635FB22-344C-47BF-B106-3C0017B6296C}.Debug|Any CPU.ActiveCfg = Debug|Any CPU
		{2635FB22-344C-47BF-B106-3C0017B6296C}.Debug|Any CPU.Build.0 = Debug|Any CPU
		{2635FB22-344C-47BF-B106-3C0017B6296C}.Release|Any CPU.ActiveCfg = Release|Any CPU
		{2635FB22-344C-47BF-B106-3C0017B6296C}.Release|Any CPU.Build.0 = Release|Any CPU
		{EEC44822-A6D9-4E61-ABF1-C66B70B9A52D}.Debug|Any CPU.ActiveCfg = Debug|Any CPU
		{EEC44822-A6D9-4E61-ABF1-C66B70B9A52D}.Debug|Any CPU.Build.0 = Debug|Any CPU
		{EEC44822-A6D9-4E61-ABF1-C66B70B9A52D}.Release|Any CPU.ActiveCfg = Release|Any CPU
		{EEC44822-A6D9-4E61-ABF1-C66B70B9A52D}.Release|Any CPU.Build.0 = Release|Any CPU
		{DC6AE8C8-3B71-4CEE-AB9F-77F41EA115AB}.Debug|Any CPU.ActiveCfg = Debug|Any CPU
		{DC6AE8C8-3B71-4CEE-AB9F-77F41EA115AB}.Debug|Any CPU.Build.0 = Debug|Any CPU
		{DC6AE8C8-3B71-4CEE-AB9F-77F41EA115AB}.Release|Any CPU.ActiveCfg = Release|Any CPU
		{DC6AE8C8-3B71-4CEE-AB9F-77F41EA115AB}.Release|Any CPU.Build.0 = Release|Any CPU
		{C724C079-DC1A-47E4-928A-ACA73C2BDD82}.Debug|Any CPU.ActiveCfg = Debug|Any CPU
		{C724C079-DC1A-47E4-928A-ACA73C2BDD82}.Debug|Any CPU.Build.0 = Debug|Any CPU
		{C724C079-DC1A-47E4-928A-ACA73C2BDD82}.Release|Any CPU.ActiveCfg = Release|Any CPU
		{C724C079-DC1A-47E4-928A-ACA73C2BDD82}.Release|Any CPU.Build.0 = Release|Any CPU
		{8A2BD7FF-D55B-4E17-8BF9-4500620EDFBC}.Debug|Any CPU.ActiveCfg = Debug|Any CPU
		{8A2BD7FF-D55B-4E17-8BF9-4500620EDFBC}.Debug|Any CPU.Build.0 = Debug|Any CPU
		{8A2BD7FF-D55B-4E17-8BF9-4500620EDFBC}.Release|Any CPU.ActiveCfg = Release|Any CPU
		{8A2BD7FF-D55B-4E17-8BF9-4500620EDFBC}.Release|Any CPU.Build.0 = Release|Any CPU
		{A679A464-D441-40C0-941D-5FE709685F43}.Debug|Any CPU.ActiveCfg = Debug|Any CPU
		{A679A464-D441-40C0-941D-5FE709685F43}.Debug|Any CPU.Build.0 = Debug|Any CPU
		{A679A464-D441-40C0-941D-5FE709685F43}.Release|Any CPU.ActiveCfg = Release|Any CPU
		{A679A464-D441-40C0-941D-5FE709685F43}.Release|Any CPU.Build.0 = Release|Any CPU
		{851FC385-C08C-4F18-B921-A65FFE22DBAC}.Debug|Any CPU.ActiveCfg = Debug|Any CPU
		{851FC385-C08C-4F18-B921-A65FFE22DBAC}.Debug|Any CPU.Build.0 = Debug|Any CPU
		{851FC385-C08C-4F18-B921-A65FFE22DBAC}.Release|Any CPU.ActiveCfg = Release|Any CPU
		{851FC385-C08C-4F18-B921-A65FFE22DBAC}.Release|Any CPU.Build.0 = Release|Any CPU
		{19FD0099-AAFD-4669-AFB3-3A4381688F19}.Debug|Any CPU.ActiveCfg = Debug|Any CPU
		{19FD0099-AAFD-4669-AFB3-3A4381688F19}.Debug|Any CPU.Build.0 = Debug|Any CPU
		{19FD0099-AAFD-4669-AFB3-3A4381688F19}.Release|Any CPU.ActiveCfg = Release|Any CPU
		{19FD0099-AAFD-4669-AFB3-3A4381688F19}.Release|Any CPU.Build.0 = Release|Any CPU
		{79D66351-E849-4719-9F79-C2E3AC020F6E}.Debug|Any CPU.ActiveCfg = Debug|Any CPU
		{79D66351-E849-4719-9F79-C2E3AC020F6E}.Debug|Any CPU.Build.0 = Debug|Any CPU
		{79D66351-E849-4719-9F79-C2E3AC020F6E}.Release|Any CPU.ActiveCfg = Release|Any CPU
		{79D66351-E849-4719-9F79-C2E3AC020F6E}.Release|Any CPU.Build.0 = Release|Any CPU
		{53203F69-A101-4ABF-A058-E218573E2ECE}.Debug|Any CPU.ActiveCfg = Debug|Any CPU
		{53203F69-A101-4ABF-A058-E218573E2ECE}.Debug|Any CPU.Build.0 = Debug|Any CPU
		{53203F69-A101-4ABF-A058-E218573E2ECE}.Release|Any CPU.ActiveCfg = Release|Any CPU
		{53203F69-A101-4ABF-A058-E218573E2ECE}.Release|Any CPU.Build.0 = Release|Any CPU
		{FEA28E1D-B0AC-4C91-B1DB-F76243EEF847}.Debug|Any CPU.ActiveCfg = Debug|Any CPU
		{FEA28E1D-B0AC-4C91-B1DB-F76243EEF847}.Debug|Any CPU.Build.0 = Debug|Any CPU
		{FEA28E1D-B0AC-4C91-B1DB-F76243EEF847}.Release|Any CPU.ActiveCfg = Release|Any CPU
		{FEA28E1D-B0AC-4C91-B1DB-F76243EEF847}.Release|Any CPU.Build.0 = Release|Any CPU
		{754B3B5D-9ABA-4359-BB9C-F7BD497D4AE7}.Debug|Any CPU.ActiveCfg = Debug|Any CPU
		{754B3B5D-9ABA-4359-BB9C-F7BD497D4AE7}.Debug|Any CPU.Build.0 = Debug|Any CPU
		{754B3B5D-9ABA-4359-BB9C-F7BD497D4AE7}.Release|Any CPU.ActiveCfg = Release|Any CPU
		{754B3B5D-9ABA-4359-BB9C-F7BD497D4AE7}.Release|Any CPU.Build.0 = Release|Any CPU
		{117C1EA3-816D-4D73-B6FF-421B7801194A}.Debug|Any CPU.ActiveCfg = Debug|Any CPU
		{117C1EA3-816D-4D73-B6FF-421B7801194A}.Debug|Any CPU.Build.0 = Debug|Any CPU
		{117C1EA3-816D-4D73-B6FF-421B7801194A}.Release|Any CPU.ActiveCfg = Release|Any CPU
		{117C1EA3-816D-4D73-B6FF-421B7801194A}.Release|Any CPU.Build.0 = Release|Any CPU
		{D29C38EC-FF9E-4C5A-9F7F-498E566C2995}.Debug|Any CPU.ActiveCfg = Debug|Any CPU
		{D29C38EC-FF9E-4C5A-9F7F-498E566C2995}.Debug|Any CPU.Build.0 = Debug|Any CPU
		{D29C38EC-FF9E-4C5A-9F7F-498E566C2995}.Release|Any CPU.ActiveCfg = Release|Any CPU
		{D29C38EC-FF9E-4C5A-9F7F-498E566C2995}.Release|Any CPU.Build.0 = Release|Any CPU
		{62C4849A-718A-47C1-9B0E-A5D1816481F4}.Debug|Any CPU.ActiveCfg = Debug|Any CPU
		{62C4849A-718A-47C1-9B0E-A5D1816481F4}.Debug|Any CPU.Build.0 = Debug|Any CPU
		{62C4849A-718A-47C1-9B0E-A5D1816481F4}.Release|Any CPU.ActiveCfg = Release|Any CPU
		{62C4849A-718A-47C1-9B0E-A5D1816481F4}.Release|Any CPU.Build.0 = Release|Any CPU
		{EE4BADCD-DBA2-423B-A7BC-22E0F8299351}.Debug|Any CPU.ActiveCfg = Debug|Any CPU
		{EE4BADCD-DBA2-423B-A7BC-22E0F8299351}.Debug|Any CPU.Build.0 = Debug|Any CPU
		{EE4BADCD-DBA2-423B-A7BC-22E0F8299351}.Release|Any CPU.ActiveCfg = Release|Any CPU
		{EE4BADCD-DBA2-423B-A7BC-22E0F8299351}.Release|Any CPU.Build.0 = Release|Any CPU
		{07BCED30-D737-4117-8C84-E8310A28B107}.Debug|Any CPU.ActiveCfg = Debug|Any CPU
		{07BCED30-D737-4117-8C84-E8310A28B107}.Debug|Any CPU.Build.0 = Debug|Any CPU
		{07BCED30-D737-4117-8C84-E8310A28B107}.Release|Any CPU.ActiveCfg = Release|Any CPU
		{07BCED30-D737-4117-8C84-E8310A28B107}.Release|Any CPU.Build.0 = Release|Any CPU
		{181252E4-AB86-4CB3-982E-A6BF4E020B85}.Debug|Any CPU.ActiveCfg = Debug|Any CPU
		{181252E4-AB86-4CB3-982E-A6BF4E020B85}.Debug|Any CPU.Build.0 = Debug|Any CPU
		{181252E4-AB86-4CB3-982E-A6BF4E020B85}.Release|Any CPU.ActiveCfg = Release|Any CPU
		{181252E4-AB86-4CB3-982E-A6BF4E020B85}.Release|Any CPU.Build.0 = Release|Any CPU
		{7F8A19BE-A85C-41E7-9A53-EB349AE04E30}.Debug|Any CPU.ActiveCfg = Debug|Any CPU
		{7F8A19BE-A85C-41E7-9A53-EB349AE04E30}.Debug|Any CPU.Build.0 = Debug|Any CPU
		{7F8A19BE-A85C-41E7-9A53-EB349AE04E30}.Release|Any CPU.ActiveCfg = Release|Any CPU
		{7F8A19BE-A85C-41E7-9A53-EB349AE04E30}.Release|Any CPU.Build.0 = Release|Any CPU
		{863AA473-2AA5-4FCC-803D-9ABB27159DE9}.Debug|Any CPU.ActiveCfg = Debug|Any CPU
		{863AA473-2AA5-4FCC-803D-9ABB27159DE9}.Debug|Any CPU.Build.0 = Debug|Any CPU
		{863AA473-2AA5-4FCC-803D-9ABB27159DE9}.Release|Any CPU.ActiveCfg = Release|Any CPU
		{863AA473-2AA5-4FCC-803D-9ABB27159DE9}.Release|Any CPU.Build.0 = Release|Any CPU
		{AEB5584E-EBD7-4C42-B4DD-5BE228785DF3}.Debug|Any CPU.ActiveCfg = Debug|Any CPU
		{AEB5584E-EBD7-4C42-B4DD-5BE228785DF3}.Debug|Any CPU.Build.0 = Debug|Any CPU
		{AEB5584E-EBD7-4C42-B4DD-5BE228785DF3}.Release|Any CPU.ActiveCfg = Release|Any CPU
		{AEB5584E-EBD7-4C42-B4DD-5BE228785DF3}.Release|Any CPU.Build.0 = Release|Any CPU
		{3279BDA9-F30B-4E7B-A0D0-02785E694A1C}.Debug|Any CPU.ActiveCfg = Debug|Any CPU
		{3279BDA9-F30B-4E7B-A0D0-02785E694A1C}.Debug|Any CPU.Build.0 = Debug|Any CPU
		{3279BDA9-F30B-4E7B-A0D0-02785E694A1C}.Release|Any CPU.ActiveCfg = Release|Any CPU
		{3279BDA9-F30B-4E7B-A0D0-02785E694A1C}.Release|Any CPU.Build.0 = Release|Any CPU
		{AF614C1F-8DED-4900-85D3-6B9E92CBF965}.Debug|Any CPU.ActiveCfg = Debug|Any CPU
		{AF614C1F-8DED-4900-85D3-6B9E92CBF965}.Debug|Any CPU.Build.0 = Debug|Any CPU
		{AF614C1F-8DED-4900-85D3-6B9E92CBF965}.Release|Any CPU.ActiveCfg = Release|Any CPU
		{AF614C1F-8DED-4900-85D3-6B9E92CBF965}.Release|Any CPU.Build.0 = Release|Any CPU
		{31DBF907-A49E-4661-9DA3-073C66BA1C88}.Debug|Any CPU.ActiveCfg = Debug|Any CPU
		{31DBF907-A49E-4661-9DA3-073C66BA1C88}.Debug|Any CPU.Build.0 = Debug|Any CPU
		{31DBF907-A49E-4661-9DA3-073C66BA1C88}.Release|Any CPU.ActiveCfg = Release|Any CPU
		{31DBF907-A49E-4661-9DA3-073C66BA1C88}.Release|Any CPU.Build.0 = Release|Any CPU
		{2ABA186F-31FC-4811-8A1E-603A8237E947}.Debug|Any CPU.ActiveCfg = Debug|Any CPU
		{2ABA186F-31FC-4811-8A1E-603A8237E947}.Debug|Any CPU.Build.0 = Debug|Any CPU
		{2ABA186F-31FC-4811-8A1E-603A8237E947}.Release|Any CPU.ActiveCfg = Release|Any CPU
		{2ABA186F-31FC-4811-8A1E-603A8237E947}.Release|Any CPU.Build.0 = Release|Any CPU
		{DAA46643-54D4-402F-A151-47448FE673F0}.Debug|Any CPU.ActiveCfg = Debug|Any CPU
		{DAA46643-54D4-402F-A151-47448FE673F0}.Debug|Any CPU.Build.0 = Debug|Any CPU
		{DAA46643-54D4-402F-A151-47448FE673F0}.Release|Any CPU.ActiveCfg = Release|Any CPU
		{DAA46643-54D4-402F-A151-47448FE673F0}.Release|Any CPU.Build.0 = Release|Any CPU
		{E828F480-49C3-4E6C-AE6A-761D2799F05A}.Debug|Any CPU.ActiveCfg = Debug|Any CPU
		{E828F480-49C3-4E6C-AE6A-761D2799F05A}.Debug|Any CPU.Build.0 = Debug|Any CPU
		{E828F480-49C3-4E6C-AE6A-761D2799F05A}.Release|Any CPU.ActiveCfg = Release|Any CPU
		{E828F480-49C3-4E6C-AE6A-761D2799F05A}.Release|Any CPU.Build.0 = Release|Any CPU
		{5CFCD8F0-9C97-4815-906A-CC90C59F3DF9}.Debug|Any CPU.ActiveCfg = Debug|Any CPU
		{5CFCD8F0-9C97-4815-906A-CC90C59F3DF9}.Debug|Any CPU.Build.0 = Debug|Any CPU
		{5CFCD8F0-9C97-4815-906A-CC90C59F3DF9}.Release|Any CPU.ActiveCfg = Release|Any CPU
		{5CFCD8F0-9C97-4815-906A-CC90C59F3DF9}.Release|Any CPU.Build.0 = Release|Any CPU
		{51CC48BE-6325-4A14-B827-4E1914EF0BEF}.Debug|Any CPU.ActiveCfg = Debug|Any CPU
		{51CC48BE-6325-4A14-B827-4E1914EF0BEF}.Debug|Any CPU.Build.0 = Debug|Any CPU
		{51CC48BE-6325-4A14-B827-4E1914EF0BEF}.Release|Any CPU.ActiveCfg = Release|Any CPU
		{51CC48BE-6325-4A14-B827-4E1914EF0BEF}.Release|Any CPU.Build.0 = Release|Any CPU
		{DCCB97A2-AF84-46B8-B9BE-1623DEE8A85E}.Debug|Any CPU.ActiveCfg = Debug|Any CPU
		{DCCB97A2-AF84-46B8-B9BE-1623DEE8A85E}.Debug|Any CPU.Build.0 = Debug|Any CPU
		{DCCB97A2-AF84-46B8-B9BE-1623DEE8A85E}.Release|Any CPU.ActiveCfg = Release|Any CPU
		{DCCB97A2-AF84-46B8-B9BE-1623DEE8A85E}.Release|Any CPU.Build.0 = Release|Any CPU
		{63942B18-E675-414B-A557-201163674787}.Debug|Any CPU.ActiveCfg = Debug|Any CPU
		{63942B18-E675-414B-A557-201163674787}.Debug|Any CPU.Build.0 = Debug|Any CPU
		{63942B18-E675-414B-A557-201163674787}.Release|Any CPU.ActiveCfg = Release|Any CPU
		{63942B18-E675-414B-A557-201163674787}.Release|Any CPU.Build.0 = Release|Any CPU
		{5AB03D65-BD0A-4917-AD4D-44DD7F9ECC17}.Debug|Any CPU.ActiveCfg = Debug|Any CPU
		{5AB03D65-BD0A-4917-AD4D-44DD7F9ECC17}.Debug|Any CPU.Build.0 = Debug|Any CPU
		{5AB03D65-BD0A-4917-AD4D-44DD7F9ECC17}.Release|Any CPU.ActiveCfg = Release|Any CPU
		{5AB03D65-BD0A-4917-AD4D-44DD7F9ECC17}.Release|Any CPU.Build.0 = Release|Any CPU
		{8A1DADF4-0391-4DFA-805F-990D97B76DBC}.Debug|Any CPU.ActiveCfg = Debug|Any CPU
		{8A1DADF4-0391-4DFA-805F-990D97B76DBC}.Debug|Any CPU.Build.0 = Debug|Any CPU
		{8A1DADF4-0391-4DFA-805F-990D97B76DBC}.Release|Any CPU.ActiveCfg = Release|Any CPU
		{8A1DADF4-0391-4DFA-805F-990D97B76DBC}.Release|Any CPU.Build.0 = Release|Any CPU
		{18FBAB84-79DC-4A02-99B6-F92AF0C8B847}.Debug|Any CPU.ActiveCfg = Debug|Any CPU
		{18FBAB84-79DC-4A02-99B6-F92AF0C8B847}.Debug|Any CPU.Build.0 = Debug|Any CPU
		{18FBAB84-79DC-4A02-99B6-F92AF0C8B847}.Release|Any CPU.ActiveCfg = Release|Any CPU
		{18FBAB84-79DC-4A02-99B6-F92AF0C8B847}.Release|Any CPU.Build.0 = Release|Any CPU
		{7B3C4C4C-3ADD-4E63-B14A-2BF05480B1CC}.Debug|Any CPU.ActiveCfg = Debug|Any CPU
		{7B3C4C4C-3ADD-4E63-B14A-2BF05480B1CC}.Debug|Any CPU.Build.0 = Debug|Any CPU
		{7B3C4C4C-3ADD-4E63-B14A-2BF05480B1CC}.Release|Any CPU.ActiveCfg = Release|Any CPU
		{7B3C4C4C-3ADD-4E63-B14A-2BF05480B1CC}.Release|Any CPU.Build.0 = Release|Any CPU
	EndGlobalSection
	GlobalSection(SolutionProperties) = preSolution
		HideSolutionNode = FALSE
	EndGlobalSection
	GlobalSection(ExtensibilityGlobals) = postSolution
		SolutionGuid = {B400B84E-D4BF-4961-A784-745CEC63B467}
	EndGlobalSection
EndGlobal
